
Microsoft Visual Studio Solution File, Format Version 12.00
# Visual Studio 15
VisualStudioVersion = 15.0.28307.329
MinimumVisualStudioVersion = 10.0.40219.1
Project("{FAE04EC0-301F-11D3-BF4B-00C04F79EFBC}") = "WebApplication1", "WebApplication1\WebApplication1.csproj", "{1A3064B1-D593-477E-960E-AB384149F002}"
EndProject
Global
	GlobalSection(SolutionConfigurationPlatforms) = preSolution
		Debug|Any CPU = Debug|Any CPU
		Release|Any CPU = Release|Any CPU
	EndGlobalSection
	GlobalSection(ProjectConfigurationPlatforms) = postSolution
		{1A3064B1-D593-477E-960E-AB384149F002}.Debug|Any CPU.ActiveCfg = Debug|Any CPU
		{1A3064B1-D593-477E-960E-AB384149F002}.Debug|Any CPU.Build.0 = Debug|Any CPU
		{1A3064B1-D593-477E-960E-AB384149F002}.Release|Any CPU.ActiveCfg = Release|Any CPU
		{1A3064B1-D593-477E-960E-AB384149F002}.Release|Any CPU.Build.0 = Release|Any CPU
	EndGlobalSection
	GlobalSection(SolutionProperties) = preSolution
		HideSolutionNode = FALSE
	EndGlobalSection
	GlobalSection(ExtensibilityGlobals) = postSolution
		SolutionGuid = {28ED0F23-B18C-4E4C-9044-994D87D52511}
	EndGlobalSection
EndGlobal
